
Microsoft Visual Studio Solution File, Format Version 12.00
# Visual Studio Version 17
VisualStudioVersion = 17.8.34330.188
MinimumVisualStudioVersion = 10.0.40219.1
Project("{888888A0-9F3D-457C-B088-3A5042F75D52}") = "Iterative and Recursive", "Iterative and Recursive.pyproj", "{3EA36060-7F29-48A4-B613-1F1491A40547}"
EndProject
Global
	GlobalSection(SolutionConfigurationPlatforms) = preSolution
		Debug|Any CPU = Debug|Any CPU
		Release|Any CPU = Release|Any CPU
	EndGlobalSection
	GlobalSection(ProjectConfigurationPlatforms) = postSolution
		{3EA36060-7F29-48A4-B613-1F1491A40547}.Debug|Any CPU.ActiveCfg = Debug|Any CPU
		{3EA36060-7F29-48A4-B613-1F1491A40547}.Release|Any CPU.ActiveCfg = Release|Any CPU
	EndGlobalSection
	GlobalSection(SolutionProperties) = preSolution
		HideSolutionNode = FALSE
	EndGlobalSection
	GlobalSection(ExtensibilityGlobals) = postSolution
		SolutionGuid = {0AB45AC6-612B-4938-91B4-98818B0281AF}
	EndGlobalSection
EndGlobal
